<?xml version="1.0" encoding="utf-8"?>
<Project ToolsVersion="15.0" xmlns="http://schemas.microsoft.com/developer/msbuild/2003">
  <ItemGroup>
    <ClCompile Include="C:\Users\burak\pvpgn-magic-builder-master\source\src\win32\service.cpp">
      <Filter>Source Files</Filter>
    </ClCompile>
    <ClCompile Include="C:\Users\burak\pvpgn-magic-builder-master\source\src\win32\console_output.cpp">
      <Filter>Source Files</Filter>
    </ClCompile>
    <ClCompile Include="C:\Users\burak\pvpgn-magic-builder-master\source\src\win32\windump.cpp">
      <Filter>Source Files</Filter>
    </ClCompile>
  </ItemGroup>
  <ItemGroup>
    <ClInclude Include="C:\Users\burak\pvpgn-magic-builder-master\source\src\win32\service.h">
      <Filter>Header Files</Filter>
    </ClInclude>
    <ClInclude Include="C:\Users\burak\pvpgn-magic-builder-master\source\src\win32\console_output.h">
      <Filter>Header Files</Filter>
    </ClInclude>
    <ClInclude Include="C:\Users\burak\pvpgn-magic-builder-master\source\src\win32\dirent.h">
      <Filter>Header Files</Filter>
    </ClInclude>
    <ClInclude Include="C:\Users\burak\pvpgn-magic-builder-master\source\src\win32\windump.h">
      <Filter>Header Files</Filter>
    </ClInclude>
  </ItemGroup>
  <ItemGroup>
    <Filter Include="Header Files">
      <UniqueIdentifier>{36EDA40B-02CA-3E6B-86D8-439EFAC9E318}</UniqueIdentifier>
    </Filter>
    <Filter Include="Source Files">
      <UniqueIdentifier>{571C1C18-3BE8-33B2-B603-7301B9768779}</UniqueIdentifier>
    </Filter>
  </ItemGroup>
</Project>
