Microsoft Visual Studio Solution File, Format Version 12.00
# Visual Studio 15
Project("{8BC9CEB8-8B4A-11D0-8D11-00A0C91BC942}") = "bigint", "projects\bigint\bigint.vcxproj", "{4888F2DF-5320-39DB-9308-FD87CE1AD628}"
	ProjectSection(ProjectDependencies) = postProject
		{636B8943-43B5-3D01-BF4C-68A392B41B13} = {636B8943-43B5-3D01-BF4C-68A392B41B13}
	EndProjectSection
EndProject
Project("{8BC9CEB8-8B4A-11D0-8D11-00A0C91BC942}") = "bnbot", "projects\bnbot\bnbot.vcxproj", "{1CA08F13-2CA2-3551-9720-76F7D8DFD449}"
	ProjectSection(ProjectDependencies) = postProject
		{636B8943-43B5-3D01-BF4C-68A392B41B13} = {636B8943-43B5-3D01-BF4C-68A392B41B13}
		{C8DF5042-B39F-33FD-8C91-24C18BA08BBB} = {C8DF5042-B39F-33FD-8C91-24C18BA08BBB}
	EndProjectSection
EndProject
Project("{8BC9CEB8-8B4A-11D0-8D11-00A0C91BC942}") = "bnchat", "projects\bnchat\bnchat.vcxproj", "{BED057A8-4E02-3781-A069-3BDA7A9F8FC9}"
	ProjectSection(ProjectDependencies) = postProject
		{636B8943-43B5-3D01-BF4C-68A392B41B13} = {636B8943-43B5-3D01-BF4C-68A392B41B13}
		{C8DF5042-B39F-33FD-8C91-24C18BA08BBB} = {C8DF5042-B39F-33FD-8C91-24C18BA08BBB}
	EndProjectSection
EndProject
Project("{8BC9CEB8-8B4A-11D0-8D11-00A0C91BC942}") = "bnetd", "projects\bnetd\bnetd.vcxproj", "{33F9C04A-E0EB-3E4A-86FC-08D0BA1AFF72}"
	ProjectSection(ProjectDependencies) = postProject
		{636B8943-43B5-3D01-BF4C-68A392B41B13} = {636B8943-43B5-3D01-BF4C-68A392B41B13}
		{C8DF5042-B39F-33FD-8C91-24C18BA08BBB} = {C8DF5042-B39F-33FD-8C91-24C18BA08BBB}
		{38989EC0-B1BB-3AF8-B62B-2DA6908DA599} = {38989EC0-B1BB-3AF8-B62B-2DA6908DA599}
	EndProjectSection
EndProject
Project("{8BC9CEB8-8B4A-11D0-8D11-00A0C91BC942}") = "bnetsrp3_test", "projects\bnetsrp3_test\bnetsrp3_test.vcxproj", "{E3A0C506-CC65-34BE-8BBA-C96B94E164BD}"
	ProjectSection(ProjectDependencies) = postProject
		{636B8943-43B5-3D01-BF4C-68A392B41B13} = {636B8943-43B5-3D01-BF4C-68A392B41B13}
	EndProjectSection
EndProject
Project("{8BC9CEB8-8B4A-11D0-8D11-00A0C91BC942}") = "bnftp", "projects\bnftp\bnftp.vcxproj", "{DEF1FFEC-5881-3F40-BBDA-C2A93962DD55}"
	ProjectSection(ProjectDependencies) = postProject
		{636B8943-43B5-3D01-BF4C-68A392B41B13} = {636B8943-43B5-3D01-BF4C-68A392B41B13}
		{C8DF5042-B39F-33FD-8C91-24C18BA08BBB} = {C8DF5042-B39F-33FD-8C91-24C18BA08BBB}
	EndProjectSection
EndProject
Project("{8BC9CEB8-8B4A-11D0-8D11-00A0C91BC942}") = "bni2tga", "projects\bni2tga\bni2tga.vcxproj", "{D56AE4E2-39A6-3C4D-8E28-4C1A776278BD}"
	ProjectSection(ProjectDependencies) = postProject
		{636B8943-43B5-3D01-BF4C-68A392B41B13} = {636B8943-43B5-3D01-BF4C-68A392B41B13}
	EndProjectSection
EndProject
Project("{8BC9CEB8-8B4A-11D0-8D11-00A0C91BC942}") = "bnibuild", "projects\bnibuild\bnibuild.vcxproj", "{D34DDBFA-ACB9-3BEE-844C-0FDC1310788B}"
	ProjectSection(ProjectDependencies) = postProject
		{636B8943-43B5-3D01-BF4C-68A392B41B13} = {636B8943-43B5-3D01-BF4C-68A392B41B13}
		{C8DF5042-B39F-33FD-8C91-24C18BA08BBB} = {C8DF5042-B39F-33FD-8C91-24C18BA08BBB}
	EndProjectSection
EndProject
Project("{8BC9CEB8-8B4A-11D0-8D11-00A0C91BC942}") = "bniextract", "projects\bniextract\bniextract.vcxproj", "{B33C5C9A-F72A-3C77-B1AE-3A3874CAD553}"
	ProjectSection(ProjectDependencies) = postProject
		{636B8943-43B5-3D01-BF4C-68A392B41B13} = {636B8943-43B5-3D01-BF4C-68A392B41B13}
		{C8DF5042-B39F-33FD-8C91-24C18BA08BBB} = {C8DF5042-B39F-33FD-8C91-24C18BA08BBB}
	EndProjectSection
EndProject
Project("{8BC9CEB8-8B4A-11D0-8D11-00A0C91BC942}") = "bnilist", "projects\bnilist\bnilist.vcxproj", "{B8670493-79C5-3BE0-B9DF-7A232555295D}"
	ProjectSection(ProjectDependencies) = postProject
		{636B8943-43B5-3D01-BF4C-68A392B41B13} = {636B8943-43B5-3D01-BF4C-68A392B41B13}
		{C8DF5042-B39F-33FD-8C91-24C18BA08BBB} = {C8DF5042-B39F-33FD-8C91-24C18BA08BBB}
	EndProjectSection
EndProject
Project("{8BC9CEB8-8B4A-11D0-8D11-00A0C91BC942}") = "bnpass", "projects\bnpass\bnpass.vcxproj", "{5B7EFD65-E045-3E36-B976-648A045911EE}"
	ProjectSection(ProjectDependencies) = postProject
		{636B8943-43B5-3D01-BF4C-68A392B41B13} = {636B8943-43B5-3D01-BF4C-68A392B41B13}
		{C8DF5042-B39F-33FD-8C91-24C18BA08BBB} = {C8DF5042-B39F-33FD-8C91-24C18BA08BBB}
	EndProjectSection
EndProject
Project("{8BC9CEB8-8B4A-11D0-8D11-00A0C91BC942}") = "bnstat", "projects\bnstat\bnstat.vcxproj", "{A090F053-1794-34EF-A91F-CF2F7A6BBE37}"
	ProjectSection(ProjectDependencies) = postProject
		{636B8943-43B5-3D01-BF4C-68A392B41B13} = {636B8943-43B5-3D01-BF4C-68A392B41B13}
		{C8DF5042-B39F-33FD-8C91-24C18BA08BBB} = {C8DF5042-B39F-33FD-8C91-24C18BA08BBB}
	EndProjectSection
EndProject
Project("{8BC9CEB8-8B4A-11D0-8D11-00A0C91BC942}") = "bntrackd", "projects\bntrackd\bntrackd.vcxproj", "{4DEF3BE3-F6B9-3172-A28D-EB4E409D31A1}"
	ProjectSection(ProjectDependencies) = postProject
		{636B8943-43B5-3D01-BF4C-68A392B41B13} = {636B8943-43B5-3D01-BF4C-68A392B41B13}
		{C8DF5042-B39F-33FD-8C91-24C18BA08BBB} = {C8DF5042-B39F-33FD-8C91-24C18BA08BBB}
	EndProjectSection
EndProject
Project("{8BC9CEB8-8B4A-11D0-8D11-00A0C91BC942}") = "common", "projects\common\common.vcxproj", "{636B8943-43B5-3D01-BF4C-68A392B41B13}"
	ProjectSection(ProjectDependencies) = postProject
	EndProjectSection
EndProject
Project("{8BC9CEB8-8B4A-11D0-8D11-00A0C91BC942}") = "compat", "projects\compat\compat.vcxproj", "{C8DF5042-B39F-33FD-8C91-24C18BA08BBB}"
	ProjectSection(ProjectDependencies) = postProject
	EndProjectSection
EndProject
Project("{8BC9CEB8-8B4A-11D0-8D11-00A0C91BC942}") = "d2cs", "projects\d2cs\d2cs.vcxproj", "{73A77623-928C-3172-9DC0-DB1519246154}"
	ProjectSection(ProjectDependencies) = postProject
		{636B8943-43B5-3D01-BF4C-68A392B41B13} = {636B8943-43B5-3D01-BF4C-68A392B41B13}
		{C8DF5042-B39F-33FD-8C91-24C18BA08BBB} = {C8DF5042-B39F-33FD-8C91-24C18BA08BBB}
		{38989EC0-B1BB-3AF8-B62B-2DA6908DA599} = {38989EC0-B1BB-3AF8-B62B-2DA6908DA599}
	EndProjectSection
EndProject
Project("{8BC9CEB8-8B4A-11D0-8D11-00A0C91BC942}") = "d2dbs", "projects\d2dbs\d2dbs.vcxproj", "{10401EE0-B9ED-306A-B673-6FAF3EBF97AC}"
	ProjectSection(ProjectDependencies) = postProject
		{636B8943-43B5-3D01-BF4C-68A392B41B13} = {636B8943-43B5-3D01-BF4C-68A392B41B13}
		{C8DF5042-B39F-33FD-8C91-24C18BA08BBB} = {C8DF5042-B39F-33FD-8C91-24C18BA08BBB}
		{38989EC0-B1BB-3AF8-B62B-2DA6908DA599} = {38989EC0-B1BB-3AF8-B62B-2DA6908DA599}
	EndProjectSection
EndProject
Project("{8BC9CEB8-8B4A-11D0-8D11-00A0C91BC942}") = "sha1hash", "projects\sha1hash\sha1hash.vcxproj", "{8AFCFA49-C1ED-3E58-8326-7BE3CFD21E23}"
	ProjectSection(ProjectDependencies) = postProject
		{636B8943-43B5-3D01-BF4C-68A392B41B13} = {636B8943-43B5-3D01-BF4C-68A392B41B13}
		{C8DF5042-B39F-33FD-8C91-24C18BA08BBB} = {C8DF5042-B39F-33FD-8C91-24C18BA08BBB}
	EndProjectSection
EndProject
Project("{8BC9CEB8-8B4A-11D0-8D11-00A0C91BC942}") = "tgainfo", "projects\tgainfo\tgainfo.vcxproj", "{4EA28397-7288-37DE-9A4B-8C76A69D1BCE}"
	ProjectSection(ProjectDependencies) = postProject
		{636B8943-43B5-3D01-BF4C-68A392B41B13} = {636B8943-43B5-3D01-BF4C-68A392B41B13}
		{C8DF5042-B39F-33FD-8C91-24C18BA08BBB} = {C8DF5042-B39F-33FD-8C91-24C18BA08BBB}
	EndProjectSection
EndProject
Project("{8BC9CEB8-8B4A-11D0-8D11-00A0C91BC942}") = "win32", "projects\win32\win32.vcxproj", "{38989EC0-B1BB-3AF8-B62B-2DA6908DA599}"
	ProjectSection(ProjectDependencies) = postProject
	EndProjectSection
EndProject
Global
	GlobalSection(SolutionConfigurationPlatforms) = preSolution
		Debug|Win32 = Debug|Win32
		Release|Win32 = Release|Win32
	EndGlobalSection
	GlobalSection(ProjectConfigurationPlatforms) = postSolution
		{4E74D6A8-755B-3124-90C2-420A8F325DA0}.Debug|Win32.ActiveCfg = Debug|Win32
		{4E74D6A8-755B-3124-90C2-420A8F325DA0}.Debug|Win32.Build.0 = Debug|Win32
		{4E74D6A8-755B-3124-90C2-420A8F325DA0}.Release|Win32.ActiveCfg = Release|Win32
		{4E74D6A8-755B-3124-90C2-420A8F325DA0}.Release|Win32.Build.0 = Release|Win32
		{29F9BD82-EAAB-34DE-B185-3D954BDEF5F6}.Debug|Win32.ActiveCfg = Debug|Win32
		{29F9BD82-EAAB-34DE-B185-3D954BDEF5F6}.Release|Win32.ActiveCfg = Release|Win32
		{8BC1184C-3E91-39F9-A36A-A36B7FBA4B74}.Debug|Win32.ActiveCfg = Debug|Win32
		{8BC1184C-3E91-39F9-A36A-A36B7FBA4B74}.Release|Win32.ActiveCfg = Release|Win32
		{4888F2DF-5320-39DB-9308-FD87CE1AD628}.Debug|Win32.ActiveCfg = Debug|Win32
		{4888F2DF-5320-39DB-9308-FD87CE1AD628}.Debug|Win32.Build.0 = Debug|Win32
		{4888F2DF-5320-39DB-9308-FD87CE1AD628}.Release|Win32.ActiveCfg = Release|Win32
		{4888F2DF-5320-39DB-9308-FD87CE1AD628}.Release|Win32.Build.0 = Release|Win32
		{1CA08F13-2CA2-3551-9720-76F7D8DFD449}.Debug|Win32.ActiveCfg = Debug|Win32
		{1CA08F13-2CA2-3551-9720-76F7D8DFD449}.Debug|Win32.Build.0 = Debug|Win32
		{1CA08F13-2CA2-3551-9720-76F7D8DFD449}.Release|Win32.ActiveCfg = Release|Win32
		{1CA08F13-2CA2-3551-9720-76F7D8DFD449}.Release|Win32.Build.0 = Release|Win32
		{BED057A8-4E02-3781-A069-3BDA7A9F8FC9}.Debug|Win32.ActiveCfg = Debug|Win32
		{BED057A8-4E02-3781-A069-3BDA7A9F8FC9}.Debug|Win32.Build.0 = Debug|Win32
		{BED057A8-4E02-3781-A069-3BDA7A9F8FC9}.Release|Win32.ActiveCfg = Release|Win32
		{BED057A8-4E02-3781-A069-3BDA7A9F8FC9}.Release|Win32.Build.0 = Release|Win32
		{33F9C04A-E0EB-3E4A-86FC-08D0BA1AFF72}.Debug|Win32.ActiveCfg = Debug|Win32
		{33F9C04A-E0EB-3E4A-86FC-08D0BA1AFF72}.Debug|Win32.Build.0 = Debug|Win32
		{33F9C04A-E0EB-3E4A-86FC-08D0BA1AFF72}.Release|Win32.ActiveCfg = Release|Win32
		{33F9C04A-E0EB-3E4A-86FC-08D0BA1AFF72}.Release|Win32.Build.0 = Release|Win32
		{E3A0C506-CC65-34BE-8BBA-C96B94E164BD}.Debug|Win32.ActiveCfg = Debug|Win32
		{E3A0C506-CC65-34BE-8BBA-C96B94E164BD}.Debug|Win32.Build.0 = Debug|Win32
		{E3A0C506-CC65-34BE-8BBA-C96B94E164BD}.Release|Win32.ActiveCfg = Release|Win32
		{E3A0C506-CC65-34BE-8BBA-C96B94E164BD}.Release|Win32.Build.0 = Release|Win32
		{DEF1FFEC-5881-3F40-BBDA-C2A93962DD55}.Debug|Win32.ActiveCfg = Debug|Win32
		{DEF1FFEC-5881-3F40-BBDA-C2A93962DD55}.Debug|Win32.Build.0 = Debug|Win32
		{DEF1FFEC-5881-3F40-BBDA-C2A93962DD55}.Release|Win32.ActiveCfg = Release|Win32
		{DEF1FFEC-5881-3F40-BBDA-C2A93962DD55}.Release|Win32.Build.0 = Release|Win32
		{D56AE4E2-39A6-3C4D-8E28-4C1A776278BD}.Debug|Win32.ActiveCfg = Debug|Win32
		{D56AE4E2-39A6-3C4D-8E28-4C1A776278BD}.Debug|Win32.Build.0 = Debug|Win32
		{D56AE4E2-39A6-3C4D-8E28-4C1A776278BD}.Release|Win32.ActiveCfg = Release|Win32
		{D56AE4E2-39A6-3C4D-8E28-4C1A776278BD}.Release|Win32.Build.0 = Release|Win32
		{D34DDBFA-ACB9-3BEE-844C-0FDC1310788B}.Debug|Win32.ActiveCfg = Debug|Win32
		{D34DDBFA-ACB9-3BEE-844C-0FDC1310788B}.Debug|Win32.Build.0 = Debug|Win32
		{D34DDBFA-ACB9-3BEE-844C-0FDC1310788B}.Release|Win32.ActiveCfg = Release|Win32
		{D34DDBFA-ACB9-3BEE-844C-0FDC1310788B}.Release|Win32.Build.0 = Release|Win32
		{B33C5C9A-F72A-3C77-B1AE-3A3874CAD553}.Debug|Win32.ActiveCfg = Debug|Win32
		{B33C5C9A-F72A-3C77-B1AE-3A3874CAD553}.Debug|Win32.Build.0 = Debug|Win32
		{B33C5C9A-F72A-3C77-B1AE-3A3874CAD553}.Release|Win32.ActiveCfg = Release|Win32
		{B33C5C9A-F72A-3C77-B1AE-3A3874CAD553}.Release|Win32.Build.0 = Release|Win32
		{B8670493-79C5-3BE0-B9DF-7A232555295D}.Debug|Win32.ActiveCfg = Debug|Win32
		{B8670493-79C5-3BE0-B9DF-7A232555295D}.Debug|Win32.Build.0 = Debug|Win32
		{B8670493-79C5-3BE0-B9DF-7A232555295D}.Release|Win32.ActiveCfg = Release|Win32
		{B8670493-79C5-3BE0-B9DF-7A232555295D}.Release|Win32.Build.0 = Release|Win32
		{5B7EFD65-E045-3E36-B976-648A045911EE}.Debug|Win32.ActiveCfg = Debug|Win32
		{5B7EFD65-E045-3E36-B976-648A045911EE}.Debug|Win32.Build.0 = Debug|Win32
		{5B7EFD65-E045-3E36-B976-648A045911EE}.Release|Win32.ActiveCfg = Release|Win32
		{5B7EFD65-E045-3E36-B976-648A045911EE}.Release|Win32.Build.0 = Release|Win32
		{A090F053-1794-34EF-A91F-CF2F7A6BBE37}.Debug|Win32.ActiveCfg = Debug|Win32
		{A090F053-1794-34EF-A91F-CF2F7A6BBE37}.Debug|Win32.Build.0 = Debug|Win32
		{A090F053-1794-34EF-A91F-CF2F7A6BBE37}.Release|Win32.ActiveCfg = Release|Win32
		{A090F053-1794-34EF-A91F-CF2F7A6BBE37}.Release|Win32.Build.0 = Release|Win32
		{4DEF3BE3-F6B9-3172-A28D-EB4E409D31A1}.Debug|Win32.ActiveCfg = Debug|Win32
		{4DEF3BE3-F6B9-3172-A28D-EB4E409D31A1}.Debug|Win32.Build.0 = Debug|Win32
		{4DEF3BE3-F6B9-3172-A28D-EB4E409D31A1}.Release|Win32.ActiveCfg = Release|Win32
		{4DEF3BE3-F6B9-3172-A28D-EB4E409D31A1}.Release|Win32.Build.0 = Release|Win32
		{636B8943-43B5-3D01-BF4C-68A392B41B13}.Debug|Win32.ActiveCfg = Debug|Win32
		{636B8943-43B5-3D01-BF4C-68A392B41B13}.Debug|Win32.Build.0 = Debug|Win32
		{636B8943-43B5-3D01-BF4C-68A392B41B13}.Release|Win32.ActiveCfg = Release|Win32
		{636B8943-43B5-3D01-BF4C-68A392B41B13}.Release|Win32.Build.0 = Release|Win32
		{C8DF5042-B39F-33FD-8C91-24C18BA08BBB}.Debug|Win32.ActiveCfg = Debug|Win32
		{C8DF5042-B39F-33FD-8C91-24C18BA08BBB}.Debug|Win32.Build.0 = Debug|Win32
		{C8DF5042-B39F-33FD-8C91-24C18BA08BBB}.Release|Win32.ActiveCfg = Release|Win32
		{C8DF5042-B39F-33FD-8C91-24C18BA08BBB}.Release|Win32.Build.0 = Release|Win32
		{73A77623-928C-3172-9DC0-DB1519246154}.Debug|Win32.ActiveCfg = Debug|Win32
		{73A77623-928C-3172-9DC0-DB1519246154}.Debug|Win32.Build.0 = Debug|Win32
		{73A77623-928C-3172-9DC0-DB1519246154}.Release|Win32.ActiveCfg = Release|Win32
		{73A77623-928C-3172-9DC0-DB1519246154}.Release|Win32.Build.0 = Release|Win32
		{10401EE0-B9ED-306A-B673-6FAF3EBF97AC}.Debug|Win32.ActiveCfg = Debug|Win32
		{10401EE0-B9ED-306A-B673-6FAF3EBF97AC}.Debug|Win32.Build.0 = Debug|Win32
		{10401EE0-B9ED-306A-B673-6FAF3EBF97AC}.Release|Win32.ActiveCfg = Release|Win32
		{10401EE0-B9ED-306A-B673-6FAF3EBF97AC}.Release|Win32.Build.0 = Release|Win32
		{41B8034B-28CC-3561-A29C-59863D613A8C}.Debug|Win32.ActiveCfg = Debug|Win32
		{41B8034B-28CC-3561-A29C-59863D613A8C}.Release|Win32.ActiveCfg = Release|Win32
		{8AFCFA49-C1ED-3E58-8326-7BE3CFD21E23}.Debug|Win32.ActiveCfg = Debug|Win32
		{8AFCFA49-C1ED-3E58-8326-7BE3CFD21E23}.Debug|Win32.Build.0 = Debug|Win32
		{8AFCFA49-C1ED-3E58-8326-7BE3CFD21E23}.Release|Win32.ActiveCfg = Release|Win32
		{8AFCFA49-C1ED-3E58-8326-7BE3CFD21E23}.Release|Win32.Build.0 = Release|Win32
		{4EA28397-7288-37DE-9A4B-8C76A69D1BCE}.Debug|Win32.ActiveCfg = Debug|Win32
		{4EA28397-7288-37DE-9A4B-8C76A69D1BCE}.Debug|Win32.Build.0 = Debug|Win32
		{4EA28397-7288-37DE-9A4B-8C76A69D1BCE}.Release|Win32.ActiveCfg = Release|Win32
		{4EA28397-7288-37DE-9A4B-8C76A69D1BCE}.Release|Win32.Build.0 = Release|Win32
		{54FB4D0D-49E1-3866-8FEE-5ED0885AA006}.Debug|Win32.ActiveCfg = Debug|Win32
		{54FB4D0D-49E1-3866-8FEE-5ED0885AA006}.Release|Win32.ActiveCfg = Release|Win32
		{38989EC0-B1BB-3AF8-B62B-2DA6908DA599}.Debug|Win32.ActiveCfg = Debug|Win32
		{38989EC0-B1BB-3AF8-B62B-2DA6908DA599}.Debug|Win32.Build.0 = Debug|Win32
		{38989EC0-B1BB-3AF8-B62B-2DA6908DA599}.Release|Win32.ActiveCfg = Release|Win32
		{38989EC0-B1BB-3AF8-B62B-2DA6908DA599}.Release|Win32.Build.0 = Release|Win32
	EndGlobalSection
	GlobalSection(ExtensibilityGlobals) = postSolution
		SolutionGuid = {D67E3709-1F61-3E9D-91D3-CF96AFEE99AF}
	EndGlobalSection
	GlobalSection(ExtensibilityAddIns) = postSolution
	EndGlobalSection
EndGlobal
